
Microsoft Visual Studio Solution File, Format Version 12.00
# Visual Studio Version 17
VisualStudioVersion = 17.10.35122.118
MinimumVisualStudioVersion = 10.0.40219.1
Project("{2150E333-8FDC-42A3-9474-1A3956D46DE8}") = "Services", "Services", "{08488329-2F6E-4031-8088-89067921D383}"
EndProject
Project("{9A19103F-16F7-4668-BE54-9A1E7A4F7556}") = "Catalog.Api", "Services\Catalog.Api\Catalog.Api.csproj", "{07765B2B-11D2-43BB-9CE5-E4F59C768FBF}"
EndProject
Project("{9A19103F-16F7-4668-BE54-9A1E7A4F7556}") = "Basket.API", "Services\Basket.API\Basket.API.csproj", "{A0995462-86D1-46C4-8513-C1CF3668F78A}"
EndProject
Project("{9A19103F-16F7-4668-BE54-9A1E7A4F7556}") = "Discount.API", "Services\Discount.API\Discount.API.csproj", "{A8F32663-B650-455C-BB63-8ED801D0AA01}"
EndProject
Project("{2150E333-8FDC-42A3-9474-1A3956D46DE8}") = "BuildingBlocks", "BuildingBlocks", "{02EA681E-C7D8-13C7-8484-4AC65E1B71E8}"
EndProject
Project("{FAE04EC0-301F-11D3-BF4B-00C04F79EFBC}") = "EventBus.Messages", "BuildingBlocks\EventBus.Messages\EventBus.Messages.csproj", "{8C1CB6E6-D3AF-48AF-96A8-8C62D468F718}"
EndProject
Project("{FAE04EC0-301F-11D3-BF4B-00C04F79EFBC}") = "Discounts.Grpc", "Services\Discounts.Grpc\Discounts.Grpc.csproj", "{A0D9FC33-3768-4134-8EDD-CF6A56E386E9}"
EndProject
Project("{2150E333-8FDC-42A3-9474-1A3956D46DE8}") = "Ordering", "Ordering", "{E304735C-8650-41A5-B79F-8F9603D2CB8E}"
EndProject
Project("{FAE04EC0-301F-11D3-BF4B-00C04F79EFBC}") = "Ordering.API", "Services\Ordering\Ordering.API\Ordering.API.csproj", "{D6B7F4B9-9D6E-46B3-9367-7EC38BE59394}"
EndProject
Project("{FAE04EC0-301F-11D3-BF4B-00C04F79EFBC}") = "Ordering.Domain", "Services\Ordering\Ordering.Domain\Ordering.Domain.csproj", "{A912A906-79DB-4820-9EAE-64F922685AB4}"
EndProject
Project("{FAE04EC0-301F-11D3-BF4B-00C04F79EFBC}") = "Ordering.Application", "Services\Ordering\Ordering.Application\Ordering.Application.csproj", "{1354D891-9FB4-495B-A9DE-0BD5F1614FD9}"
EndProject
Project("{FAE04EC0-301F-11D3-BF4B-00C04F79EFBC}") = "Ordering.Infrastructure", "Services\Ordering\Ordering.Infrastructure\Ordering.Infrastructure.csproj", "{241D9413-CA18-482C-80A0-2769E6A3516B}"
EndProject
Global
	GlobalSection(SolutionConfigurationPlatforms) = preSolution
		Debug|Any CPU = Debug|Any CPU
		Release|Any CPU = Release|Any CPU
	EndGlobalSection
	GlobalSection(ProjectConfigurationPlatforms) = postSolution
		{07765B2B-11D2-43BB-9CE5-E4F59C768FBF}.Debug|Any CPU.ActiveCfg = Debug|Any CPU
		{07765B2B-11D2-43BB-9CE5-E4F59C768FBF}.Debug|Any CPU.Build.0 = Debug|Any CPU
		{07765B2B-11D2-43BB-9CE5-E4F59C768FBF}.Release|Any CPU.ActiveCfg = Release|Any CPU
		{07765B2B-11D2-43BB-9CE5-E4F59C768FBF}.Release|Any CPU.Build.0 = Release|Any CPU
		{A0995462-86D1-46C4-8513-C1CF3668F78A}.Debug|Any CPU.ActiveCfg = Debug|Any CPU
		{A0995462-86D1-46C4-8513-C1CF3668F78A}.Debug|Any CPU.Build.0 = Debug|Any CPU
		{A0995462-86D1-46C4-8513-C1CF3668F78A}.Release|Any CPU.ActiveCfg = Release|Any CPU
		{A0995462-86D1-46C4-8513-C1CF3668F78A}.Release|Any CPU.Build.0 = Release|Any CPU
		{A8F32663-B650-455C-BB63-8ED801D0AA01}.Debug|Any CPU.ActiveCfg = Debug|Any CPU
		{A8F32663-B650-455C-BB63-8ED801D0AA01}.Debug|Any CPU.Build.0 = Debug|Any CPU
		{A8F32663-B650-455C-BB63-8ED801D0AA01}.Release|Any CPU.ActiveCfg = Release|Any CPU
		{A8F32663-B650-455C-BB63-8ED801D0AA01}.Release|Any CPU.Build.0 = Release|Any CPU
		{8C1CB6E6-D3AF-48AF-96A8-8C62D468F718}.Debug|Any CPU.ActiveCfg = Debug|Any CPU
		{8C1CB6E6-D3AF-48AF-96A8-8C62D468F718}.Debug|Any CPU.Build.0 = Debug|Any CPU
		{8C1CB6E6-D3AF-48AF-96A8-8C62D468F718}.Release|Any CPU.ActiveCfg = Release|Any CPU
		{8C1CB6E6-D3AF-48AF-96A8-8C62D468F718}.Release|Any CPU.Build.0 = Release|Any CPU
		{A0D9FC33-3768-4134-8EDD-CF6A56E386E9}.Debug|Any CPU.ActiveCfg = Debug|Any CPU
		{A0D9FC33-3768-4134-8EDD-CF6A56E386E9}.Debug|Any CPU.Build.0 = Debug|Any CPU
		{A0D9FC33-3768-4134-8EDD-CF6A56E386E9}.Release|Any CPU.ActiveCfg = Release|Any CPU
		{A0D9FC33-3768-4134-8EDD-CF6A56E386E9}.Release|Any CPU.Build.0 = Release|Any CPU
		{D6B7F4B9-9D6E-46B3-9367-7EC38BE59394}.Debug|Any CPU.ActiveCfg = Debug|Any CPU
		{D6B7F4B9-9D6E-46B3-9367-7EC38BE59394}.Debug|Any CPU.Build.0 = Debug|Any CPU
		{D6B7F4B9-9D6E-46B3-9367-7EC38BE59394}.Release|Any CPU.ActiveCfg = Release|Any CPU
		{D6B7F4B9-9D6E-46B3-9367-7EC38BE59394}.Release|Any CPU.Build.0 = Release|Any CPU
		{A912A906-79DB-4820-9EAE-64F922685AB4}.Debug|Any CPU.ActiveCfg = Debug|Any CPU
		{A912A906-79DB-4820-9EAE-64F922685AB4}.Debug|Any CPU.Build.0 = Debug|Any CPU
		{A912A906-79DB-4820-9EAE-64F922685AB4}.Release|Any CPU.ActiveCfg = Release|Any CPU
		{A912A906-79DB-4820-9EAE-64F922685AB4}.Release|Any CPU.Build.0 = Release|Any CPU
		{1354D891-9FB4-495B-A9DE-0BD5F1614FD9}.Debug|Any CPU.ActiveCfg = Debug|Any CPU
		{1354D891-9FB4-495B-A9DE-0BD5F1614FD9}.Debug|Any CPU.Build.0 = Debug|Any CPU
		{1354D891-9FB4-495B-A9DE-0BD5F1614FD9}.Release|Any CPU.ActiveCfg = Release|Any CPU
		{1354D891-9FB4-495B-A9DE-0BD5F1614FD9}.Release|Any CPU.Build.0 = Release|Any CPU
		{241D9413-CA18-482C-80A0-2769E6A3516B}.Debug|Any CPU.ActiveCfg = Debug|Any CPU
		{241D9413-CA18-482C-80A0-2769E6A3516B}.Debug|Any CPU.Build.0 = Debug|Any CPU
		{241D9413-CA18-482C-80A0-2769E6A3516B}.Release|Any CPU.ActiveCfg = Release|Any CPU
		{241D9413-CA18-482C-80A0-2769E6A3516B}.Release|Any CPU.Build.0 = Release|Any CPU
	EndGlobalSection
	GlobalSection(SolutionProperties) = preSolution
		HideSolutionNode = FALSE
	EndGlobalSection
	GlobalSection(NestedProjects) = preSolution
		{07765B2B-11D2-43BB-9CE5-E4F59C768FBF} = {08488329-2F6E-4031-8088-89067921D383}
		{A0995462-86D1-46C4-8513-C1CF3668F78A} = {08488329-2F6E-4031-8088-89067921D383}
		{A8F32663-B650-455C-BB63-8ED801D0AA01} = {08488329-2F6E-4031-8088-89067921D383}
		{8C1CB6E6-D3AF-48AF-96A8-8C62D468F718} = {02EA681E-C7D8-13C7-8484-4AC65E1B71E8}
		{A0D9FC33-3768-4134-8EDD-CF6A56E386E9} = {08488329-2F6E-4031-8088-89067921D383}
		{E304735C-8650-41A5-B79F-8F9603D2CB8E} = {08488329-2F6E-4031-8088-89067921D383}
		{D6B7F4B9-9D6E-46B3-9367-7EC38BE59394} = {E304735C-8650-41A5-B79F-8F9603D2CB8E}
		{A912A906-79DB-4820-9EAE-64F922685AB4} = {E304735C-8650-41A5-B79F-8F9603D2CB8E}
		{1354D891-9FB4-495B-A9DE-0BD5F1614FD9} = {E304735C-8650-41A5-B79F-8F9603D2CB8E}
		{241D9413-CA18-482C-80A0-2769E6A3516B} = {E304735C-8650-41A5-B79F-8F9603D2CB8E}
	EndGlobalSection
	GlobalSection(ExtensibilityGlobals) = postSolution
		SolutionGuid = {51F07861-0FCF-4B57-BCCD-08180D0ACCA6}
	EndGlobalSection
EndGlobal
